
Microsoft Visual Studio Solution File, Format Version 12.00
# Visual Studio Version 17
VisualStudioVersion = 17.8.34316.72
MinimumVisualStudioVersion = 10.0.40219.1
Project("{FAE04EC0-301F-11D3-BF4B-00C04F79EFBC}") = "PersonManagerApp", "PersonManagerApp\PersonManagerApp.csproj", "{793961F1-C6BF-4D49-9F02-C82EF2219250}"
EndProject
Global
	GlobalSection(SolutionConfigurationPlatforms) = preSolution
		Debug|Any CPU = Debug|Any CPU
		Release|Any CPU = Release|Any CPU
	EndGlobalSection
	GlobalSection(ProjectConfigurationPlatforms) = postSolution
		{793961F1-C6BF-4D49-9F02-C82EF2219250}.Debug|Any CPU.ActiveCfg = Debug|Any CPU
		{793961F1-C6BF-4D49-9F02-C82EF2219250}.Debug|Any CPU.Build.0 = Debug|Any CPU
		{793961F1-C6BF-4D49-9F02-C82EF2219250}.Release|Any CPU.ActiveCfg = Release|Any CPU
		{793961F1-C6BF-4D49-9F02-C82EF2219250}.Release|Any CPU.Build.0 = Release|Any CPU
	EndGlobalSection
	GlobalSection(SolutionProperties) = preSolution
		HideSolutionNode = FALSE
	EndGlobalSection
	GlobalSection(ExtensibilityGlobals) = postSolution
		SolutionGuid = {0CFA3EB9-8299-4E56-B4E0-4228F509EB89}
	EndGlobalSection
EndGlobal
